
Microsoft Visual Studio Solution File, Format Version 12.00
# Visual Studio Version 16
VisualStudioVersion = 16.0.29728.190
MinimumVisualStudioVersion = 10.0.40219.1
Project("{FAE04EC0-301F-11D3-BF4B-00C04F79EFBC}") = "SimpleConcepts.DistributedDictionary", "SimpleConcepts.DistributedDictionary\SimpleConcepts.DistributedDictionary.csproj", "{A28DCDB5-4378-450A-9F04-8CE718F3947E}"
EndProject
Project("{FAE04EC0-301F-11D3-BF4B-00C04F79EFBC}") = "SimpleConcepts.DistributedDictionary.Tests", "SimpleConcepts.DistributedDictionary.Tests\SimpleConcepts.DistributedDictionary.Tests.csproj", "{A0B92D7E-A88E-4115-A569-25ACE8481F68}"
EndProject
Global
	GlobalSection(SolutionConfigurationPlatforms) = preSolution
		Debug|Any CPU = Debug|Any CPU
		Release|Any CPU = Release|Any CPU
	EndGlobalSection
	GlobalSection(ProjectConfigurationPlatforms) = postSolution
		{A28DCDB5-4378-450A-9F04-8CE718F3947E}.Debug|Any CPU.ActiveCfg = Debug|Any CPU
		{A28DCDB5-4378-450A-9F04-8CE718F3947E}.Debug|Any CPU.Build.0 = Debug|Any CPU
		{A28DCDB5-4378-450A-9F04-8CE718F3947E}.Release|Any CPU.ActiveCfg = Release|Any CPU
		{A28DCDB5-4378-450A-9F04-8CE718F3947E}.Release|Any CPU.Build.0 = Release|Any CPU
		{A0B92D7E-A88E-4115-A569-25ACE8481F68}.Debug|Any CPU.ActiveCfg = Debug|Any CPU
		{A0B92D7E-A88E-4115-A569-25ACE8481F68}.Debug|Any CPU.Build.0 = Debug|Any CPU
		{A0B92D7E-A88E-4115-A569-25ACE8481F68}.Release|Any CPU.ActiveCfg = Release|Any CPU
		{A0B92D7E-A88E-4115-A569-25ACE8481F68}.Release|Any CPU.Build.0 = Release|Any CPU
	EndGlobalSection
	GlobalSection(SolutionProperties) = preSolution
		HideSolutionNode = FALSE
	EndGlobalSection
	GlobalSection(ExtensibilityGlobals) = postSolution
		SolutionGuid = {15C770B8-637D-429B-ACAC-7E6058EE356C}
	EndGlobalSection
EndGlobal
