
Microsoft Visual Studio Solution File, Format Version 12.00
# Visual Studio Version 16
VisualStudioVersion = 16.0.29728.190
MinimumVisualStudioVersion = 10.0.40219.1
Project("{9A19103F-16F7-4668-BE54-9A1E7A4F7556}") = "SimpleConcepts.Extensions.Caching.Tests", "SimpleConcepts.Extensions.DistributedCache.Tests\SimpleConcepts.Extensions.Caching.Tests.csproj", "{A0B92D7E-A88E-4115-A569-25ACE8481F68}"
EndProject
Project("{9A19103F-16F7-4668-BE54-9A1E7A4F7556}") = "SimpleConcepts.Extensions.Caching", "SimpleConcepts.Extensions.DistributedCache\SimpleConcepts.Extensions.Caching.csproj", "{531D00D9-92C6-4E94-92CB-E94B97E45335}"
EndProject
Project("{FAE04EC0-301F-11D3-BF4B-00C04F79EFBC}") = "Sample.Web", "Sample.Web\Sample.Web.csproj", "{270D3C88-0150-45AD-B263-F7154ABAF3A9}"
EndProject
Global
	GlobalSection(SolutionConfigurationPlatforms) = preSolution
		Debug|Any CPU = Debug|Any CPU
		Release|Any CPU = Release|Any CPU
	EndGlobalSection
	GlobalSection(ProjectConfigurationPlatforms) = postSolution
		{A0B92D7E-A88E-4115-A569-25ACE8481F68}.Debug|Any CPU.ActiveCfg = Debug|Any CPU
		{A0B92D7E-A88E-4115-A569-25ACE8481F68}.Debug|Any CPU.Build.0 = Debug|Any CPU
		{A0B92D7E-A88E-4115-A569-25ACE8481F68}.Release|Any CPU.ActiveCfg = Release|Any CPU
		{A0B92D7E-A88E-4115-A569-25ACE8481F68}.Release|Any CPU.Build.0 = Release|Any CPU
		{531D00D9-92C6-4E94-92CB-E94B97E45335}.Debug|Any CPU.ActiveCfg = Debug|Any CPU
		{531D00D9-92C6-4E94-92CB-E94B97E45335}.Debug|Any CPU.Build.0 = Debug|Any CPU
		{531D00D9-92C6-4E94-92CB-E94B97E45335}.Release|Any CPU.ActiveCfg = Release|Any CPU
		{531D00D9-92C6-4E94-92CB-E94B97E45335}.Release|Any CPU.Build.0 = Release|Any CPU
		{270D3C88-0150-45AD-B263-F7154ABAF3A9}.Debug|Any CPU.ActiveCfg = Debug|Any CPU
		{270D3C88-0150-45AD-B263-F7154ABAF3A9}.Debug|Any CPU.Build.0 = Debug|Any CPU
		{270D3C88-0150-45AD-B263-F7154ABAF3A9}.Release|Any CPU.ActiveCfg = Release|Any CPU
		{270D3C88-0150-45AD-B263-F7154ABAF3A9}.Release|Any CPU.Build.0 = Release|Any CPU
	EndGlobalSection
	GlobalSection(SolutionProperties) = preSolution
		HideSolutionNode = FALSE
	EndGlobalSection
	GlobalSection(ExtensibilityGlobals) = postSolution
		SolutionGuid = {15C770B8-637D-429B-ACAC-7E6058EE356C}
	EndGlobalSection
EndGlobal
